// !$*UTF8*$!
{
	archiveVersion = 1;
	classes = {
	};
	objectVersion = 46;
	objects = {

/* Begin PBXBuildFile section */
		171C6D811BEB719B006B1068 /* MERInnerOperation.m in Sources */ = {isa = PBXBuildFile; fileRef = 171C6D801BEB719B006B1068 /* MERInnerOperation.m */; };
		1722F51C1BE20913001D8610 /* MERPrinterStatusCommands.m in Sources */ = {isa = PBXBuildFile; fileRef = 1722F51B1BE20913001D8610 /* MERPrinterStatusCommands.m */; };
		1730D3801BDFCD1A001F455C /* MERDetailVC.m in Sources */ = {isa = PBXBuildFile; fileRef = 1730D37F1BDFCD1A001F455C /* MERDetailVC.m */; };
		175096041BD7B6B00055AFE0 /* main.m in Sources */ = {isa = PBXBuildFile; fileRef = 175096031BD7B6B00055AFE0 /* main.m */; };
		175096071BD7B6B00055AFE0 /* AppDelegate.m in Sources */ = {isa = PBXBuildFile; fileRef = 175096061BD7B6B00055AFE0 /* AppDelegate.m */; };
		1750960D1BD7B6B00055AFE0 /* Main.storyboard in Resources */ = {isa = PBXBuildFile; fileRef = 1750960B1BD7B6B00055AFE0 /* Main.storyboard */; };
		1750960F1BD7B6B00055AFE0 /* Assets.xcassets in Resources */ = {isa = PBXBuildFile; fileRef = 1750960E1BD7B6B00055AFE0 /* Assets.xcassets */; };
		175096121BD7B6B00055AFE0 /* LaunchScreen.storyboard in Resources */ = {isa = PBXBuildFile; fileRef = 175096101BD7B6B00055AFE0 /* LaunchScreen.storyboard */; };
		1750961D1BD7B6B00055AFE0 /* FisprintTests.m in Sources */ = {isa = PBXBuildFile; fileRef = 1750961C1BD7B6B00055AFE0 /* FisprintTests.m */; };
		175096281BD7B6B00055AFE0 /* FisprintUITests.m in Sources */ = {isa = PBXBuildFile; fileRef = 175096271BD7B6B00055AFE0 /* FisprintUITests.m */; };
		175096371BD7BE030055AFE0 /* MERBaseCommands.m in Sources */ = {isa = PBXBuildFile; fileRef = 175096361BD7BE030055AFE0 /* MERBaseCommands.m */; };
		1750963B1BD7CD010055AFE0 /* MERSaleTransactionCommands.m in Sources */ = {isa = PBXBuildFile; fileRef = 1750963A1BD7CD010055AFE0 /* MERSaleTransactionCommands.m */; };
		179D42091BE0A74800BF29DA /* MERPrinterDummy.m in Sources */ = {isa = PBXBuildFile; fileRef = 179D42081BE0A74700BF29DA /* MERPrinterDummy.m */; };
		179D420C1BE0D8E900BF29DA /* MEROperationPrinter.m in Sources */ = {isa = PBXBuildFile; fileRef = 179D420B1BE0D8E900BF29DA /* MEROperationPrinter.m */; };
		179D42101BE0E2CE00BF29DA /* MEROpStartPrinter.m in Sources */ = {isa = PBXBuildFile; fileRef = 179D420F1BE0E2CE00BF29DA /* MEROpStartPrinter.m */; };
		17F41BBC1BDA570600EC2655 /* MERErrors.m in Sources */ = {isa = PBXBuildFile; fileRef = 17F41BBB1BDA570600EC2655 /* MERErrors.m */; };
		5EE368451BEA38D3006F9765 /* MERStreamer.m in Sources */ = {isa = PBXBuildFile; fileRef = 5EE368441BEA38D3006F9765 /* MERStreamer.m */; };
/* End PBXBuildFile section */

/* Begin PBXContainerItemProxy section */
		175096191BD7B6B00055AFE0 /* PBXContainerItemProxy */ = {
			isa = PBXContainerItemProxy;
			containerPortal = 175095F71BD7B6B00055AFE0 /* Project object */;
			proxyType = 1;
			remoteGlobalIDString = 175095FE1BD7B6B00055AFE0;
			remoteInfo = Fisprint;
		};
		175096241BD7B6B00055AFE0 /* PBXContainerItemProxy */ = {
			isa = PBXContainerItemProxy;
			containerPortal = 175095F71BD7B6B00055AFE0 /* Project object */;
			proxyType = 1;
			remoteGlobalIDString = 175095FE1BD7B6B00055AFE0;
			remoteInfo = Fisprint;
		};
/* End PBXContainerItemProxy section */

/* Begin PBXFileReference section */
		171C6D7F1BEB719B006B1068 /* MERInnerOperation.h */ = {isa = PBXFileReference; fileEncoding = 4; lastKnownFileType = sourcecode.c.h; path = MERInnerOperation.h; sourceTree = "<group>"; };
		171C6D801BEB719B006B1068 /* MERInnerOperation.m */ = {isa = PBXFileReference; fileEncoding = 4; lastKnownFileType = sourcecode.c.objc; path = MERInnerOperation.m; sourceTree = "<group>"; };
		1722F51A1BE20913001D8610 /* MERPrinterStatusCommands.h */ = {isa = PBXFileReference; fileEncoding = 4; lastKnownFileType = sourcecode.c.h; path = MERPrinterStatusCommands.h; sourceTree = "<group>"; };
		1722F51B1BE20913001D8610 /* MERPrinterStatusCommands.m */ = {isa = PBXFileReference; fileEncoding = 4; lastKnownFileType = sourcecode.c.objc; path = MERPrinterStatusCommands.m; sourceTree = "<group>"; };
		1730D37E1BDFCD1A001F455C /* MERDetailVC.h */ = {isa = PBXFileReference; fileEncoding = 4; lastKnownFileType = sourcecode.c.h; path = MERDetailVC.h; sourceTree = "<group>"; };
		1730D37F1BDFCD1A001F455C /* MERDetailVC.m */ = {isa = PBXFileReference; fileEncoding = 4; lastKnownFileType = sourcecode.c.objc; path = MERDetailVC.m; sourceTree = "<group>"; };
		175095FF1BD7B6B00055AFE0 /* Fisprint.app */ = {isa = PBXFileReference; explicitFileType = wrapper.application; includeInIndex = 0; path = Fisprint.app; sourceTree = BUILT_PRODUCTS_DIR; };
		175096031BD7B6B00055AFE0 /* main.m */ = {isa = PBXFileReference; lastKnownFileType = sourcecode.c.objc; path = main.m; sourceTree = "<group>"; };
		175096051BD7B6B00055AFE0 /* AppDelegate.h */ = {isa = PBXFileReference; lastKnownFileType = sourcecode.c.h; path = AppDelegate.h; sourceTree = "<group>"; };
		175096061BD7B6B00055AFE0 /* AppDelegate.m */ = {isa = PBXFileReference; lastKnownFileType = sourcecode.c.objc; path = AppDelegate.m; sourceTree = "<group>"; };
		1750960C1BD7B6B00055AFE0 /* Base */ = {isa = PBXFileReference; lastKnownFileType = file.storyboard; name = Base; path = Base.lproj/Main.storyboard; sourceTree = "<group>"; };
		1750960E1BD7B6B00055AFE0 /* Assets.xcassets */ = {isa = PBXFileReference; lastKnownFileType = folder.assetcatalog; path = Assets.xcassets; sourceTree = "<group>"; };
		175096111BD7B6B00055AFE0 /* Base */ = {isa = PBXFileReference; lastKnownFileType = file.storyboard; name = Base; path = Base.lproj/LaunchScreen.storyboard; sourceTree = "<group>"; };
		175096131BD7B6B00055AFE0 /* Info.plist */ = {isa = PBXFileReference; lastKnownFileType = text.plist.xml; path = Info.plist; sourceTree = "<group>"; };
		175096181BD7B6B00055AFE0 /* FisprintTests.xctest */ = {isa = PBXFileReference; explicitFileType = wrapper.cfbundle; includeInIndex = 0; path = FisprintTests.xctest; sourceTree = BUILT_PRODUCTS_DIR; };
		1750961C1BD7B6B00055AFE0 /* FisprintTests.m */ = {isa = PBXFileReference; lastKnownFileType = sourcecode.c.objc; path = FisprintTests.m; sourceTree = "<group>"; };
		1750961E1BD7B6B00055AFE0 /* Info.plist */ = {isa = PBXFileReference; lastKnownFileType = text.plist.xml; path = Info.plist; sourceTree = "<group>"; };
		175096231BD7B6B00055AFE0 /* FisprintUITests.xctest */ = {isa = PBXFileReference; explicitFileType = wrapper.cfbundle; includeInIndex = 0; path = FisprintUITests.xctest; sourceTree = BUILT_PRODUCTS_DIR; };
		175096271BD7B6B00055AFE0 /* FisprintUITests.m */ = {isa = PBXFileReference; lastKnownFileType = sourcecode.c.objc; path = FisprintUITests.m; sourceTree = "<group>"; };
		175096291BD7B6B00055AFE0 /* Info.plist */ = {isa = PBXFileReference; lastKnownFileType = text.plist.xml; path = Info.plist; sourceTree = "<group>"; };
		175096351BD7BE030055AFE0 /* MERBaseCommands.h */ = {isa = PBXFileReference; fileEncoding = 4; lastKnownFileType = sourcecode.c.h; path = MERBaseCommands.h; sourceTree = "<group>"; };
		175096361BD7BE030055AFE0 /* MERBaseCommands.m */ = {isa = PBXFileReference; fileEncoding = 4; lastKnownFileType = sourcecode.c.objc; path = MERBaseCommands.m; sourceTree = "<group>"; };
		175096391BD7CD010055AFE0 /* MERSaleTransactionCommands.h */ = {isa = PBXFileReference; fileEncoding = 4; lastKnownFileType = sourcecode.c.h; path = MERSaleTransactionCommands.h; sourceTree = "<group>"; };
		1750963A1BD7CD010055AFE0 /* MERSaleTransactionCommands.m */ = {isa = PBXFileReference; fileEncoding = 4; lastKnownFileType = sourcecode.c.objc; path = MERSaleTransactionCommands.m; sourceTree = "<group>"; };
		179D42071BE0A74700BF29DA /* MERPrinterDummy.h */ = {isa = PBXFileReference; fileEncoding = 4; lastKnownFileType = sourcecode.c.h; path = MERPrinterDummy.h; sourceTree = "<group>"; };
		179D42081BE0A74700BF29DA /* MERPrinterDummy.m */ = {isa = PBXFileReference; fileEncoding = 4; lastKnownFileType = sourcecode.c.objc; path = MERPrinterDummy.m; sourceTree = "<group>"; };
		179D420A1BE0D8E900BF29DA /* MEROperationPrinter.h */ = {isa = PBXFileReference; fileEncoding = 4; lastKnownFileType = sourcecode.c.h; path = MEROperationPrinter.h; sourceTree = "<group>"; };
		179D420B1BE0D8E900BF29DA /* MEROperationPrinter.m */ = {isa = PBXFileReference; fileEncoding = 4; lastKnownFileType = sourcecode.c.objc; path = MEROperationPrinter.m; sourceTree = "<group>"; };
		179D420E1BE0E2CE00BF29DA /* MEROpStartPrinter.h */ = {isa = PBXFileReference; fileEncoding = 4; lastKnownFileType = sourcecode.c.h; name = MEROpStartPrinter.h; path = ../MEROpStartPrinter.h; sourceTree = "<group>"; };
		179D420F1BE0E2CE00BF29DA /* MEROpStartPrinter.m */ = {isa = PBXFileReference; fileEncoding = 4; lastKnownFileType = sourcecode.c.objc; name = MEROpStartPrinter.m; path = ../MEROpStartPrinter.m; sourceTree = "<group>"; };
		17F41BBA1BDA570600EC2655 /* MERErrors.h */ = {isa = PBXFileReference; fileEncoding = 4; lastKnownFileType = sourcecode.c.h; path = MERErrors.h; sourceTree = "<group>"; };
		17F41BBB1BDA570600EC2655 /* MERErrors.m */ = {isa = PBXFileReference; fileEncoding = 4; lastKnownFileType = sourcecode.c.objc; path = MERErrors.m; sourceTree = "<group>"; };
		5EE368431BEA38D3006F9765 /* MERStreamer.h */ = {isa = PBXFileReference; fileEncoding = 4; lastKnownFileType = sourcecode.c.h; path = MERStreamer.h; sourceTree = "<group>"; };
		5EE368441BEA38D3006F9765 /* MERStreamer.m */ = {isa = PBXFileReference; fileEncoding = 4; lastKnownFileType = sourcecode.c.objc; path = MERStreamer.m; sourceTree = "<group>"; };
		5EE368461BEC67D2006F9765 /* PrinterDummyLink.h */ = {isa = PBXFileReference; lastKnownFileType = sourcecode.c.h; path = PrinterDummyLink.h; sourceTree = "<group>"; };
/* End PBXFileReference section */

/* Begin PBXFrameworksBuildPhase section */
		175095FC1BD7B6B00055AFE0 /* Frameworks */ = {
			isa = PBXFrameworksBuildPhase;
			buildActionMask = 2147483647;
			files = (
			);
			runOnlyForDeploymentPostprocessing = 0;
		};
		175096151BD7B6B00055AFE0 /* Frameworks */ = {
			isa = PBXFrameworksBuildPhase;
			buildActionMask = 2147483647;
			files = (
			);
			runOnlyForDeploymentPostprocessing = 0;
		};
		175096201BD7B6B00055AFE0 /* Frameworks */ = {
			isa = PBXFrameworksBuildPhase;
			buildActionMask = 2147483647;
			files = (
			);
			runOnlyForDeploymentPostprocessing = 0;
		};
/* End PBXFrameworksBuildPhase section */

/* Begin PBXGroup section */
		175095F61BD7B6B00055AFE0 = {
			isa = PBXGroup;
			children = (
				175096011BD7B6B00055AFE0 /* Fisprint */,
				1750961B1BD7B6B00055AFE0 /* FisprintTests */,
				175096261BD7B6B00055AFE0 /* FisprintUITests */,
				175096001BD7B6B00055AFE0 /* Products */,
			);
			sourceTree = "<group>";
		};
		175096001BD7B6B00055AFE0 /* Products */ = {
			isa = PBXGroup;
			children = (
				175095FF1BD7B6B00055AFE0 /* Fisprint.app */,
				175096181BD7B6B00055AFE0 /* FisprintTests.xctest */,
				175096231BD7B6B00055AFE0 /* FisprintUITests.xctest */,
			);
			name = Products;
			sourceTree = "<group>";
		};
		175096011BD7B6B00055AFE0 /* Fisprint */ = {
			isa = PBXGroup;
			children = (
				5EE368421BEA34A1006F9765 /* Streamer */,
				179D420D1BE0D8F100BF29DA /* Operations */,
				179D42061BE0A70800BF29DA /* Printers */,
				175096381BD7BE120055AFE0 /* Commands */,
				1750960B1BD7B6B00055AFE0 /* Main.storyboard */,
				1730D37E1BDFCD1A001F455C /* MERDetailVC.h */,
				1730D37F1BDFCD1A001F455C /* MERDetailVC.m */,
				1750960E1BD7B6B00055AFE0 /* Assets.xcassets */,
				175096101BD7B6B00055AFE0 /* LaunchScreen.storyboard */,
				175096131BD7B6B00055AFE0 /* Info.plist */,
				175096021BD7B6B00055AFE0 /* Supporting Files */,
			);
			path = Fisprint;
			sourceTree = "<group>";
		};
		175096021BD7B6B00055AFE0 /* Supporting Files */ = {
			isa = PBXGroup;
			children = (
				175096051BD7B6B00055AFE0 /* AppDelegate.h */,
				175096061BD7B6B00055AFE0 /* AppDelegate.m */,
				175096031BD7B6B00055AFE0 /* main.m */,
			);
			name = "Supporting Files";
			sourceTree = "<group>";
		};
		1750961B1BD7B6B00055AFE0 /* FisprintTests */ = {
			isa = PBXGroup;
			children = (
				1750961C1BD7B6B00055AFE0 /* FisprintTests.m */,
				1750961E1BD7B6B00055AFE0 /* Info.plist */,
			);
			path = FisprintTests;
			sourceTree = "<group>";
		};
		175096261BD7B6B00055AFE0 /* FisprintUITests */ = {
			isa = PBXGroup;
			children = (
				175096271BD7B6B00055AFE0 /* FisprintUITests.m */,
				175096291BD7B6B00055AFE0 /* Info.plist */,
			);
			path = FisprintUITests;
			sourceTree = "<group>";
		};
		175096381BD7BE120055AFE0 /* Commands */ = {
			isa = PBXGroup;
			children = (
				175096351BD7BE030055AFE0 /* MERBaseCommands.h */,
				175096361BD7BE030055AFE0 /* MERBaseCommands.m */,
				175096391BD7CD010055AFE0 /* MERSaleTransactionCommands.h */,
				1750963A1BD7CD010055AFE0 /* MERSaleTransactionCommands.m */,
				1722F51A1BE20913001D8610 /* MERPrinterStatusCommands.h */,
				1722F51B1BE20913001D8610 /* MERPrinterStatusCommands.m */,
				17F41BBA1BDA570600EC2655 /* MERErrors.h */,
				17F41BBB1BDA570600EC2655 /* MERErrors.m */,
			);
			name = Commands;
			sourceTree = "<group>";
		};
		179D42061BE0A70800BF29DA /* Printers */ = {
			isa = PBXGroup;
			children = (
				179D42071BE0A74700BF29DA /* MERPrinterDummy.h */,
				179D42081BE0A74700BF29DA /* MERPrinterDummy.m */,
				5EE368461BEC67D2006F9765 /* PrinterDummyLink.h */,
			);
			name = Printers;
			sourceTree = "<group>";
		};
		179D420D1BE0D8F100BF29DA /* Operations */ = {
			isa = PBXGroup;
			children = (
				179D420A1BE0D8E900BF29DA /* MEROperationPrinter.h */,
				179D420B1BE0D8E900BF29DA /* MEROperationPrinter.m */,
				171C6D7F1BEB719B006B1068 /* MERInnerOperation.h */,
				171C6D801BEB719B006B1068 /* MERInnerOperation.m */,
				179D420E1BE0E2CE00BF29DA /* MEROpStartPrinter.h */,
				179D420F1BE0E2CE00BF29DA /* MEROpStartPrinter.m */,
			);
			name = Operations;
			sourceTree = "<group>";
		};
		5EE368421BEA34A1006F9765 /* Streamer */ = {
			isa = PBXGroup;
			children = (
				5EE368431BEA38D3006F9765 /* MERStreamer.h */,
				5EE368441BEA38D3006F9765 /* MERStreamer.m */,
			);
			name = Streamer;
			sourceTree = "<group>";
		};
/* End PBXGroup section */

/* Begin PBXNativeTarget section */
		175095FE1BD7B6B00055AFE0 /* Fisprint */ = {
			isa = PBXNativeTarget;
			buildConfigurationList = 1750962C1BD7B6B00055AFE0 /* Build configuration list for PBXNativeTarget "Fisprint" */;
			buildPhases = (
				175095FB1BD7B6B00055AFE0 /* Sources */,
				175095FC1BD7B6B00055AFE0 /* Frameworks */,
				175095FD1BD7B6B00055AFE0 /* Resources */,
			);
			buildRules = (
			);
			dependencies = (
			);
			name = Fisprint;
			productName = Fisprint;
			productReference = 175095FF1BD7B6B00055AFE0 /* Fisprint.app */;
			productType = "com.apple.product-type.application";
		};
		175096171BD7B6B00055AFE0 /* FisprintTests */ = {
			isa = PBXNativeTarget;
			buildConfigurationList = 1750962F1BD7B6B00055AFE0 /* Build configuration list for PBXNativeTarget "FisprintTests" */;
			buildPhases = (
				175096141BD7B6B00055AFE0 /* Sources */,
				175096151BD7B6B00055AFE0 /* Frameworks */,
				175096161BD7B6B00055AFE0 /* Resources */,
			);
			buildRules = (
			);
			dependencies = (
				1750961A1BD7B6B00055AFE0 /* PBXTargetDependency */,
			);
			name = FisprintTests;
			productName = FisprintTests;
			productReference = 175096181BD7B6B00055AFE0 /* FisprintTests.xctest */;
			productType = "com.apple.product-type.bundle.unit-test";
		};
		175096221BD7B6B00055AFE0 /* FisprintUITests */ = {
			isa = PBXNativeTarget;
			buildConfigurationList = 175096321BD7B6B00055AFE0 /* Build configuration list for PBXNativeTarget "FisprintUITests" */;
			buildPhases = (
				1750961F1BD7B6B00055AFE0 /* Sources */,
				175096201BD7B6B00055AFE0 /* Frameworks */,
				175096211BD7B6B00055AFE0 /* Resources */,
			);
			buildRules = (
			);
			dependencies = (
				175096251BD7B6B00055AFE0 /* PBXTargetDependency */,
			);
			name = FisprintUITests;
			productName = FisprintUITests;
			productReference = 175096231BD7B6B00055AFE0 /* FisprintUITests.xctest */;
			productType = "com.apple.product-type.bundle.ui-testing";
		};
/* End PBXNativeTarget section */

/* Begin PBXProject section */
		175095F71BD7B6B00055AFE0 /* Project object */ = {
			isa = PBXProject;
			attributes = {
				LastUpgradeCheck = 0700;
				ORGANIZATIONNAME = "George Malushkin";
				TargetAttributes = {
					175095FE1BD7B6B00055AFE0 = {
						CreatedOnToolsVersion = 7.0.1;
						DevelopmentTeam = RHS26996BP;
					};
					175096171BD7B6B00055AFE0 = {
						CreatedOnToolsVersion = 7.0.1;
						DevelopmentTeam = RHS26996BP;
						TestTargetID = 175095FE1BD7B6B00055AFE0;
					};
					175096221BD7B6B00055AFE0 = {
						CreatedOnToolsVersion = 7.0.1;
						DevelopmentTeam = RHS26996BP;
						TestTargetID = 175095FE1BD7B6B00055AFE0;
					};
				};
			};
			buildConfigurationList = 175095FA1BD7B6B00055AFE0 /* Build configuration list for PBXProject "Fisprint" */;
			compatibilityVersion = "Xcode 3.2";
			developmentRegion = English;
			hasScannedForEncodings = 0;
			knownRegions = (
				en,
				Base,
			);
			mainGroup = 175095F61BD7B6B00055AFE0;
			productRefGroup = 175096001BD7B6B00055AFE0 /* Products */;
			projectDirPath = "";
			projectRoot = "";
			targets = (
				175095FE1BD7B6B00055AFE0 /* Fisprint */,
				175096171BD7B6B00055AFE0 /* FisprintTests */,
				175096221BD7B6B00055AFE0 /* FisprintUITests */,
			);
		};
/* End PBXProject section */

/* Begin PBXResourcesBuildPhase section */
		175095FD1BD7B6B00055AFE0 /* Resources */ = {
			isa = PBXResourcesBuildPhase;
			buildActionMask = 2147483647;
			files = (
				175096121BD7B6B00055AFE0 /* LaunchScreen.storyboard in Resources */,
				1750960F1BD7B6B00055AFE0 /* Assets.xcassets in Resources */,
				1750960D1BD7B6B00055AFE0 /* Main.storyboard in Resources */,
			);
			runOnlyForDeploymentPostprocessing = 0;
		};
		175096161BD7B6B00055AFE0 /* Resources */ = {
			isa = PBXResourcesBuildPhase;
			buildActionMask = 2147483647;
			files = (
			);
			runOnlyForDeploymentPostprocessing = 0;
		};
		175096211BD7B6B00055AFE0 /* Resources */ = {
			isa = PBXResourcesBuildPhase;
			buildActionMask = 2147483647;
			files = (
			);
			runOnlyForDeploymentPostprocessing = 0;
		};
/* End PBXResourcesBuildPhase section */

/* Begin PBXSourcesBuildPhase section */
		175095FB1BD7B6B00055AFE0 /* Sources */ = {
			isa = PBXSourcesBuildPhase;
			buildActionMask = 2147483647;
			files = (
				1730D3801BDFCD1A001F455C /* MERDetailVC.m in Sources */,
				1722F51C1BE20913001D8610 /* MERPrinterStatusCommands.m in Sources */,
				1750963B1BD7CD010055AFE0 /* MERSaleTransactionCommands.m in Sources */,
				171C6D811BEB719B006B1068 /* MERInnerOperation.m in Sources */,
				175096371BD7BE030055AFE0 /* MERBaseCommands.m in Sources */,
				5EE368451BEA38D3006F9765 /* MERStreamer.m in Sources */,
				175096071BD7B6B00055AFE0 /* AppDelegate.m in Sources */,
				175096041BD7B6B00055AFE0 /* main.m in Sources */,
				179D420C1BE0D8E900BF29DA /* MEROperationPrinter.m in Sources */,
				17F41BBC1BDA570600EC2655 /* MERErrors.m in Sources */,
				179D42091BE0A74800BF29DA /* MERPrinterDummy.m in Sources */,
				179D42101BE0E2CE00BF29DA /* MEROpStartPrinter.m in Sources */,
			);
			runOnlyForDeploymentPostprocessing = 0;
		};
		175096141BD7B6B00055AFE0 /* Sources */ = {
			isa = PBXSourcesBuildPhase;
			buildActionMask = 2147483647;
			files = (
				1750961D1BD7B6B00055AFE0 /* FisprintTests.m in Sources */,
			);
			runOnlyForDeploymentPostprocessing = 0;
		};
		1750961F1BD7B6B00055AFE0 /* Sources */ = {
			isa = PBXSourcesBuildPhase;
			buildActionMask = 2147483647;
			files = (
				175096281BD7B6B00055AFE0 /* FisprintUITests.m in Sources */,
			);
			runOnlyForDeploymentPostprocessing = 0;
		};
/* End PBXSourcesBuildPhase section */

/* Begin PBXTargetDependency section */
		1750961A1BD7B6B00055AFE0 /* PBXTargetDependency */ = {
			isa = PBXTargetDependency;
			target = 175095FE1BD7B6B00055AFE0 /* Fisprint */;
			targetProxy = 175096191BD7B6B00055AFE0 /* PBXContainerItemProxy */;
		};
		175096251BD7B6B00055AFE0 /* PBXTargetDependency */ = {
			isa = PBXTargetDependency;
			target = 175095FE1BD7B6B00055AFE0 /* Fisprint */;
			targetProxy = 175096241BD7B6B00055AFE0 /* PBXContainerItemProxy */;
		};
/* End PBXTargetDependency section */

/* Begin PBXVariantGroup section */
		1750960B1BD7B6B00055AFE0 /* Main.storyboard */ = {
			isa = PBXVariantGroup;
			children = (
				1750960C1BD7B6B00055AFE0 /* Base */,
			);
			name = Main.storyboard;
			sourceTree = "<group>";
		};
		175096101BD7B6B00055AFE0 /* LaunchScreen.storyboard */ = {
			isa = PBXVariantGroup;
			children = (
				175096111BD7B6B00055AFE0 /* Base */,
			);
			name = LaunchScreen.storyboard;
			sourceTree = "<group>";
		};
/* End PBXVariantGroup section */

/* Begin XCBuildConfiguration section */
		1750962A1BD7B6B00055AFE0 /* Debug */ = {
			isa = XCBuildConfiguration;
			buildSettings = {
				ALWAYS_SEARCH_USER_PATHS = NO;
				CLANG_CXX_LANGUAGE_STANDARD = "gnu++0x";
				CLANG_CXX_LIBRARY = "libc++";
				CLANG_ENABLE_MODULES = YES;
				CLANG_ENABLE_OBJC_ARC = YES;
				CLANG_WARN_BOOL_CONVERSION = YES;
				CLANG_WARN_CONSTANT_CONVERSION = YES;
				CLANG_WARN_DIRECT_OBJC_ISA_USAGE = YES_ERROR;
				CLANG_WARN_EMPTY_BODY = YES;
				CLANG_WARN_ENUM_CONVERSION = YES;
				CLANG_WARN_INT_CONVERSION = YES;
				CLANG_WARN_OBJC_ROOT_CLASS = YES_ERROR;
				CLANG_WARN_UNREACHABLE_CODE = YES;
				CLANG_WARN__DUPLICATE_METHOD_MATCH = YES;
				"CODE_SIGN_IDENTITY[sdk=iphoneos*]" = "iPhone Developer";
				COPY_PHASE_STRIP = NO;
				DEBUG_INFORMATION_FORMAT = dwarf;
				ENABLE_STRICT_OBJC_MSGSEND = YES;
				ENABLE_TESTABILITY = YES;
				GCC_C_LANGUAGE_STANDARD = gnu99;
				GCC_DYNAMIC_NO_PIC = NO;
				GCC_NO_COMMON_BLOCKS = YES;
				GCC_OPTIMIZATION_LEVEL = 0;
				GCC_PREPROCESSOR_DEFINITIONS = (
					"DEBUG=1",
					"$(inherited)",
				);
				GCC_WARN_64_TO_32_BIT_CONVERSION = YES;
				GCC_WARN_ABOUT_RETURN_TYPE = YES_ERROR;
				GCC_WARN_UNDECLARED_SELECTOR = YES;
				GCC_WARN_UNINITIALIZED_AUTOS = YES_AGGRESSIVE;
				GCC_WARN_UNUSED_FUNCTION = YES;
				GCC_WARN_UNUSED_VARIABLE = YES;
				IPHONEOS_DEPLOYMENT_TARGET = 9.0;
				MTL_ENABLE_DEBUG_INFO = YES;
				ONLY_ACTIVE_ARCH = YES;
				SDKROOT = iphoneos;
				TARGETED_DEVICE_FAMILY = "1,2";
			};
			name = Debug;
		};
		1750962B1BD7B6B00055AFE0 /* Release */ = {
			isa = XCBuildConfiguration;
			buildSettings = {
				ALWAYS_SEARCH_USER_PATHS = NO;
				CLANG_CXX_LANGUAGE_STANDARD = "gnu++0x";
				CLANG_CXX_LIBRARY = "libc++";
				CLANG_ENABLE_MODULES = YES;
				CLANG_ENABLE_OBJC_ARC = YES;
				CLANG_WARN_BOOL_CONVERSION = YES;
				CLANG_WARN_CONSTANT_CONVERSION = YES;
				CLANG_WARN_DIRECT_OBJC_ISA_USAGE = YES_ERROR;
				CLANG_WARN_EMPTY_BODY = YES;
				CLANG_WARN_ENUM_CONVERSION = YES;
				CLANG_WARN_INT_CONVERSION = YES;
				CLANG_WARN_OBJC_ROOT_CLASS = YES_ERROR;
				CLANG_WARN_UNREACHABLE_CODE = YES;
				CLANG_WARN__DUPLICATE_METHOD_MATCH = YES;
				"CODE_SIGN_IDENTITY[sdk=iphoneos*]" = "iPhone Developer";
				COPY_PHASE_STRIP = NO;
				DEBUG_INFORMATION_FORMAT = "dwarf-with-dsym";
				ENABLE_NS_ASSERTIONS = NO;
				ENABLE_STRICT_OBJC_MSGSEND = YES;
				GCC_C_LANGUAGE_STANDARD = gnu99;
				GCC_NO_COMMON_BLOCKS = YES;
				GCC_WARN_64_TO_32_BIT_CONVERSION = YES;
				GCC_WARN_ABOUT_RETURN_TYPE = YES_ERROR;
				GCC_WARN_UNDECLARED_SELECTOR = YES;
				GCC_WARN_UNINITIALIZED_AUTOS = YES_AGGRESSIVE;
				GCC_WARN_UNUSED_FUNCTION = YES;
				GCC_WARN_UNUSED_VARIABLE = YES;
				IPHONEOS_DEPLOYMENT_TARGET = 9.0;
				MTL_ENABLE_DEBUG_INFO = NO;
				SDKROOT = iphoneos;
				TARGETED_DEVICE_FAMILY = "1,2";
				VALIDATE_PRODUCT = YES;
			};
			name = Release;
		};
		1750962D1BD7B6B00055AFE0 /* Debug */ = {
			isa = XCBuildConfiguration;
			buildSettings = {
				ASSETCATALOG_COMPILER_APPICON_NAME = AppIcon;
				CODE_SIGN_IDENTITY = "iPhone Developer";
				INFOPLIST_FILE = Fisprint/Info.plist;
				LD_RUNPATH_SEARCH_PATHS = "$(inherited) @executable_path/Frameworks";
				PRODUCT_BUNDLE_IDENTIFIER = MER.Fisprint;
				PRODUCT_NAME = "$(TARGET_NAME)";
			};
			name = Debug;
		};
		1750962E1BD7B6B00055AFE0 /* Release */ = {
			isa = XCBuildConfiguration;
			buildSettings = {
				ASSETCATALOG_COMPILER_APPICON_NAME = AppIcon;
				CODE_SIGN_IDENTITY = "iPhone Developer";
				INFOPLIST_FILE = Fisprint/Info.plist;
				LD_RUNPATH_SEARCH_PATHS = "$(inherited) @executable_path/Frameworks";
				PRODUCT_BUNDLE_IDENTIFIER = MER.Fisprint;
				PRODUCT_NAME = "$(TARGET_NAME)";
			};
			name = Release;
		};
		175096301BD7B6B00055AFE0 /* Debug */ = {
			isa = XCBuildConfiguration;
			buildSettings = {
				BUNDLE_LOADER = "$(TEST_HOST)";
				INFOPLIST_FILE = FisprintTests/Info.plist;
				LD_RUNPATH_SEARCH_PATHS = "$(inherited) @executable_path/Frameworks @loader_path/Frameworks";
				PRODUCT_BUNDLE_IDENTIFIER = MER.FisprintTests;
				PRODUCT_NAME = "$(TARGET_NAME)";
				TEST_HOST = "$(BUILT_PRODUCTS_DIR)/Fisprint.app/Fisprint";
			};
			name = Debug;
		};
		175096311BD7B6B00055AFE0 /* Release */ = {
			isa = XCBuildConfiguration;
			buildSettings = {
				BUNDLE_LOADER = "$(TEST_HOST)";
				INFOPLIST_FILE = FisprintTests/Info.plist;
				LD_RUNPATH_SEARCH_PATHS = "$(inherited) @executable_path/Frameworks @loader_path/Frameworks";
				PRODUCT_BUNDLE_IDENTIFIER = MER.FisprintTests;
				PRODUCT_NAME = "$(TARGET_NAME)";
				TEST_HOST = "$(BUILT_PRODUCTS_DIR)/Fisprint.app/Fisprint";
			};
			name = Release;
		};
		175096331BD7B6B00055AFE0 /* Debug */ = {
			isa = XCBuildConfiguration;
			buildSettings = {
				INFOPLIST_FILE = FisprintUITests/Info.plist;
				LD_RUNPATH_SEARCH_PATHS = "$(inherited) @executable_path/Frameworks @loader_path/Frameworks";
				PRODUCT_BUNDLE_IDENTIFIER = MER.FisprintUITests;
				PRODUCT_NAME = "$(TARGET_NAME)";
				TEST_TARGET_NAME = Fisprint;
				USES_XCTRUNNER = YES;
			};
			name = Debug;
		};
		175096341BD7B6B00055AFE0 /* Release */ = {
			isa = XCBuildConfiguration;
			buildSettings = {
				INFOPLIST_FILE = FisprintUITests/Info.plist;
				LD_RUNPATH_SEARCH_PATHS = "$(inherited) @executable_path/Frameworks @loader_path/Frameworks";
				PRODUCT_BUNDLE_IDENTIFIER = MER.FisprintUITests;
				PRODUCT_NAME = "$(TARGET_NAME)";
				TEST_TARGET_NAME = Fisprint;
				USES_XCTRUNNER = YES;
			};
			name = Release;
		};
/* End XCBuildConfiguration section */

/* Begin XCConfigurationList section */
		175095FA1BD7B6B00055AFE0 /* Build configuration list for PBXProject "Fisprint" */ = {
			isa = XCConfigurationList;
			buildConfigurations = (
				1750962A1BD7B6B00055AFE0 /* Debug */,
				1750962B1BD7B6B00055AFE0 /* Release */,
			);
			defaultConfigurationIsVisible = 0;
			defaultConfigurationName = Release;
		};
		1750962C1BD7B6B00055AFE0 /* Build configuration list for PBXNativeTarget "Fisprint" */ = {
			isa = XCConfigurationList;
			buildConfigurations = (
				1750962D1BD7B6B00055AFE0 /* Debug */,
				1750962E1BD7B6B00055AFE0 /* Release */,
			);
			defaultConfigurationIsVisible = 0;
			defaultConfigurationName = Release;
		};
		1750962F1BD7B6B00055AFE0 /* Build configuration list for PBXNativeTarget "FisprintTests" */ = {
			isa = XCConfigurationList;
			buildConfigurations = (
				175096301BD7B6B00055AFE0 /* Debug */,
				175096311BD7B6B00055AFE0 /* Release */,
			);
			defaultConfigurationIsVisible = 0;
			defaultConfigurationName = Release;
		};
		175096321BD7B6B00055AFE0 /* Build configuration list for PBXNativeTarget "FisprintUITests" */ = {
			isa = XCConfigurationList;
			buildConfigurations = (
				175096331BD7B6B00055AFE0 /* Debug */,
				175096341BD7B6B00055AFE0 /* Release */,
			);
			defaultConfigurationIsVisible = 0;
			defaultConfigurationName = Release;
		};
/* End XCConfigurationList section */
	};
	rootObject = 175095F71BD7B6B00055AFE0 /* Project object */;
}
